
Microsoft Visual Studio Solution File, Format Version 12.00
# Visual Studio Version 17
VisualStudioVersion = 17.6.33829.357
MinimumVisualStudioVersion = 10.0.40219.1
Project("{9A19103F-16F7-4668-BE54-9A1E7A4F7556}") = "Classe_Objeto", "Classe_Objeto\Classe_Objeto.csproj", "{EC5B767C-940B-4C0D-A904-78977CDD2111}"
EndProject
Project("{9A19103F-16F7-4668-BE54-9A1E7A4F7556}") = "Metodos", "Metodos\Metodos.csproj", "{AAEA6315-ACA8-4099-9CD2-FCC6B79A5843}"
EndProject
Project("{9A19103F-16F7-4668-BE54-9A1E7A4F7556}") = "Parametros", "Parametros\Parametros.csproj", "{AF02A3F3-1AB3-4C09-AB39-5FEA4B2B7D2D}"
EndProject
Project("{9A19103F-16F7-4668-BE54-9A1E7A4F7556}") = "Metodos_Parametros", "Metodos_Parametros\Metodos_Parametros.csproj", "{3B572BE0-A039-4E09-BA83-7690B475BB67}"
EndProject
Project("{9A19103F-16F7-4668-BE54-9A1E7A4F7556}") = "Construtor", "Construtor\Construtor.csproj", "{01932CF4-0CE8-48A8-B366-510F30AF2B84}"
EndProject
Project("{9A19103F-16F7-4668-BE54-9A1E7A4F7556}") = "This", "This\This.csproj", "{961283E2-DB92-4C42-95DA-256B0D1897FE}"
EndProject
Project("{9A19103F-16F7-4668-BE54-9A1E7A4F7556}") = "Metodos_Com_Retorno", "Metodos_Com_Retorno\Metodos_Com_Retorno.csproj", "{7C6F1C16-9F05-4214-8AA0-A0211CD0F1C5}"
EndProject
Project("{9A19103F-16F7-4668-BE54-9A1E7A4F7556}") = "Sobrecarga_De_Metodos", "Sobrecarga_De_Metodos\Sobrecarga_De_Metodos.csproj", "{0D67A15E-E7A1-455F-88AE-4F6B2C7D8154}"
EndProject
Project("{9A19103F-16F7-4668-BE54-9A1E7A4F7556}") = "Exemplo_Pratico_Metodos", "Exemplo_Pratico_Metodos\Exemplo_Pratico_Metodos.csproj", "{752B1977-DABE-49D9-B756-12B59C2E86AF}"
EndProject
Project("{9A19103F-16F7-4668-BE54-9A1E7A4F7556}") = "Passar_Argumentos_Por_Valor", "Passar_Argumentos_Por_Valor\Passar_Argumentos_Por_Valor.csproj", "{F8BA8BA1-2525-4804-A1E6-E71C57BA3CA7}"
EndProject
Project("{9A19103F-16F7-4668-BE54-9A1E7A4F7556}") = "Passagem_Argumentos_Por_Referencia", "Passagem_Argumentos_Por_Referencia\Passagem_Argumentos_Por_Referencia.csproj", "{05439A9C-BB0E-4856-842F-9F96769E615C}"
EndProject
Project("{9A19103F-16F7-4668-BE54-9A1E7A4F7556}") = "Passagem_Argumento_Referencia_Out", "Passagem_Argumento_Referencia_Out\Passagem_Argumento_Referencia_Out.csproj", "{D71AA797-55E9-472C-9C4C-320C92E4731F}"
EndProject
Project("{9A19103F-16F7-4668-BE54-9A1E7A4F7556}") = "Argumentos_Nomeados", "Argumentos_Nomeados\Argumentos_Nomeados.csproj", "{34CE0EFF-4539-46AE-B912-6D08063903B8}"
EndProject
Project("{9A19103F-16F7-4668-BE54-9A1E7A4F7556}") = "Parametros_Opcionais", "Parametros_Opcionais\Parametros_Opcionais.csproj", "{CB775D11-5218-4C77-8296-DCC890C9F4CF}"
EndProject
Project("{9A19103F-16F7-4668-BE54-9A1E7A4F7556}") = "Metodos_Estaticos", "Metodos_Estaticos\Metodos_Estaticos.csproj", "{FCAC8250-8967-4B11-AC07-F35AE3808A82}"
EndProject
Project("{FAE04EC0-301F-11D3-BF4B-00C04F79EFBC}") = "Campos_Estaticos", "Campos_Estaticos\Campos_Estaticos.csproj", "{C0A94DC6-8D20-4F02-B7AB-3529A91FEFBF}"
EndProject
Project("{FAE04EC0-301F-11D3-BF4B-00C04F79EFBC}") = "Construtor_Estatico", "Construtor_Estatico\Construtor_Estatico.csproj", "{30E1E83A-7C7B-4C9A-92B6-B1D5376F080D}"
EndProject
Project("{FAE04EC0-301F-11D3-BF4B-00C04F79EFBC}") = "Propriedades", "Propriedades\Propriedades.csproj", "{FFC07BF0-8404-4267-AB7A-B2FCE504174C}"
EndProject
Project("{FAE04EC0-301F-11D3-BF4B-00C04F79EFBC}") = "Structs", "Structs\Structs.csproj", "{62F154E3-AD65-4848-97E6-2DEEDAB9EEBA}"
EndProject
Global
	GlobalSection(SolutionConfigurationPlatforms) = preSolution
		Debug|Any CPU = Debug|Any CPU
		Release|Any CPU = Release|Any CPU
	EndGlobalSection
	GlobalSection(ProjectConfigurationPlatforms) = postSolution
		{EC5B767C-940B-4C0D-A904-78977CDD2111}.Debug|Any CPU.ActiveCfg = Debug|Any CPU
		{EC5B767C-940B-4C0D-A904-78977CDD2111}.Debug|Any CPU.Build.0 = Debug|Any CPU
		{EC5B767C-940B-4C0D-A904-78977CDD2111}.Release|Any CPU.ActiveCfg = Release|Any CPU
		{EC5B767C-940B-4C0D-A904-78977CDD2111}.Release|Any CPU.Build.0 = Release|Any CPU
		{AAEA6315-ACA8-4099-9CD2-FCC6B79A5843}.Debug|Any CPU.ActiveCfg = Debug|Any CPU
		{AAEA6315-ACA8-4099-9CD2-FCC6B79A5843}.Debug|Any CPU.Build.0 = Debug|Any CPU
		{AAEA6315-ACA8-4099-9CD2-FCC6B79A5843}.Release|Any CPU.ActiveCfg = Release|Any CPU
		{AAEA6315-ACA8-4099-9CD2-FCC6B79A5843}.Release|Any CPU.Build.0 = Release|Any CPU
		{AF02A3F3-1AB3-4C09-AB39-5FEA4B2B7D2D}.Debug|Any CPU.ActiveCfg = Debug|Any CPU
		{AF02A3F3-1AB3-4C09-AB39-5FEA4B2B7D2D}.Debug|Any CPU.Build.0 = Debug|Any CPU
		{AF02A3F3-1AB3-4C09-AB39-5FEA4B2B7D2D}.Release|Any CPU.ActiveCfg = Release|Any CPU
		{AF02A3F3-1AB3-4C09-AB39-5FEA4B2B7D2D}.Release|Any CPU.Build.0 = Release|Any CPU
		{3B572BE0-A039-4E09-BA83-7690B475BB67}.Debug|Any CPU.ActiveCfg = Debug|Any CPU
		{3B572BE0-A039-4E09-BA83-7690B475BB67}.Debug|Any CPU.Build.0 = Debug|Any CPU
		{3B572BE0-A039-4E09-BA83-7690B475BB67}.Release|Any CPU.ActiveCfg = Release|Any CPU
		{3B572BE0-A039-4E09-BA83-7690B475BB67}.Release|Any CPU.Build.0 = Release|Any CPU
		{01932CF4-0CE8-48A8-B366-510F30AF2B84}.Debug|Any CPU.ActiveCfg = Debug|Any CPU
		{01932CF4-0CE8-48A8-B366-510F30AF2B84}.Debug|Any CPU.Build.0 = Debug|Any CPU
		{01932CF4-0CE8-48A8-B366-510F30AF2B84}.Release|Any CPU.ActiveCfg = Release|Any CPU
		{01932CF4-0CE8-48A8-B366-510F30AF2B84}.Release|Any CPU.Build.0 = Release|Any CPU
		{961283E2-DB92-4C42-95DA-256B0D1897FE}.Debug|Any CPU.ActiveCfg = Debug|Any CPU
		{961283E2-DB92-4C42-95DA-256B0D1897FE}.Debug|Any CPU.Build.0 = Debug|Any CPU
		{961283E2-DB92-4C42-95DA-256B0D1897FE}.Release|Any CPU.ActiveCfg = Release|Any CPU
		{961283E2-DB92-4C42-95DA-256B0D1897FE}.Release|Any CPU.Build.0 = Release|Any CPU
		{7C6F1C16-9F05-4214-8AA0-A0211CD0F1C5}.Debug|Any CPU.ActiveCfg = Debug|Any CPU
		{7C6F1C16-9F05-4214-8AA0-A0211CD0F1C5}.Debug|Any CPU.Build.0 = Debug|Any CPU
		{7C6F1C16-9F05-4214-8AA0-A0211CD0F1C5}.Release|Any CPU.ActiveCfg = Release|Any CPU
		{7C6F1C16-9F05-4214-8AA0-A0211CD0F1C5}.Release|Any CPU.Build.0 = Release|Any CPU
		{0D67A15E-E7A1-455F-88AE-4F6B2C7D8154}.Debug|Any CPU.ActiveCfg = Debug|Any CPU
		{0D67A15E-E7A1-455F-88AE-4F6B2C7D8154}.Debug|Any CPU.Build.0 = Debug|Any CPU
		{0D67A15E-E7A1-455F-88AE-4F6B2C7D8154}.Release|Any CPU.ActiveCfg = Release|Any CPU
		{0D67A15E-E7A1-455F-88AE-4F6B2C7D8154}.Release|Any CPU.Build.0 = Release|Any CPU
		{752B1977-DABE-49D9-B756-12B59C2E86AF}.Debug|Any CPU.ActiveCfg = Debug|Any CPU
		{752B1977-DABE-49D9-B756-12B59C2E86AF}.Debug|Any CPU.Build.0 = Debug|Any CPU
		{752B1977-DABE-49D9-B756-12B59C2E86AF}.Release|Any CPU.ActiveCfg = Release|Any CPU
		{752B1977-DABE-49D9-B756-12B59C2E86AF}.Release|Any CPU.Build.0 = Release|Any CPU
		{F8BA8BA1-2525-4804-A1E6-E71C57BA3CA7}.Debug|Any CPU.ActiveCfg = Debug|Any CPU
		{F8BA8BA1-2525-4804-A1E6-E71C57BA3CA7}.Debug|Any CPU.Build.0 = Debug|Any CPU
		{F8BA8BA1-2525-4804-A1E6-E71C57BA3CA7}.Release|Any CPU.ActiveCfg = Release|Any CPU
		{F8BA8BA1-2525-4804-A1E6-E71C57BA3CA7}.Release|Any CPU.Build.0 = Release|Any CPU
		{05439A9C-BB0E-4856-842F-9F96769E615C}.Debug|Any CPU.ActiveCfg = Debug|Any CPU
		{05439A9C-BB0E-4856-842F-9F96769E615C}.Debug|Any CPU.Build.0 = Debug|Any CPU
		{05439A9C-BB0E-4856-842F-9F96769E615C}.Release|Any CPU.ActiveCfg = Release|Any CPU
		{05439A9C-BB0E-4856-842F-9F96769E615C}.Release|Any CPU.Build.0 = Release|Any CPU
		{D71AA797-55E9-472C-9C4C-320C92E4731F}.Debug|Any CPU.ActiveCfg = Debug|Any CPU
		{D71AA797-55E9-472C-9C4C-320C92E4731F}.Debug|Any CPU.Build.0 = Debug|Any CPU
		{D71AA797-55E9-472C-9C4C-320C92E4731F}.Release|Any CPU.ActiveCfg = Release|Any CPU
		{D71AA797-55E9-472C-9C4C-320C92E4731F}.Release|Any CPU.Build.0 = Release|Any CPU
		{34CE0EFF-4539-46AE-B912-6D08063903B8}.Debug|Any CPU.ActiveCfg = Debug|Any CPU
		{34CE0EFF-4539-46AE-B912-6D08063903B8}.Debug|Any CPU.Build.0 = Debug|Any CPU
		{34CE0EFF-4539-46AE-B912-6D08063903B8}.Release|Any CPU.ActiveCfg = Release|Any CPU
		{34CE0EFF-4539-46AE-B912-6D08063903B8}.Release|Any CPU.Build.0 = Release|Any CPU
		{CB775D11-5218-4C77-8296-DCC890C9F4CF}.Debug|Any CPU.ActiveCfg = Debug|Any CPU
		{CB775D11-5218-4C77-8296-DCC890C9F4CF}.Debug|Any CPU.Build.0 = Debug|Any CPU
		{CB775D11-5218-4C77-8296-DCC890C9F4CF}.Release|Any CPU.ActiveCfg = Release|Any CPU
		{CB775D11-5218-4C77-8296-DCC890C9F4CF}.Release|Any CPU.Build.0 = Release|Any CPU
		{FCAC8250-8967-4B11-AC07-F35AE3808A82}.Debug|Any CPU.ActiveCfg = Debug|Any CPU
		{FCAC8250-8967-4B11-AC07-F35AE3808A82}.Debug|Any CPU.Build.0 = Debug|Any CPU
		{FCAC8250-8967-4B11-AC07-F35AE3808A82}.Release|Any CPU.ActiveCfg = Release|Any CPU
		{FCAC8250-8967-4B11-AC07-F35AE3808A82}.Release|Any CPU.Build.0 = Release|Any CPU
		{C0A94DC6-8D20-4F02-B7AB-3529A91FEFBF}.Debug|Any CPU.ActiveCfg = Debug|Any CPU
		{C0A94DC6-8D20-4F02-B7AB-3529A91FEFBF}.Debug|Any CPU.Build.0 = Debug|Any CPU
		{C0A94DC6-8D20-4F02-B7AB-3529A91FEFBF}.Release|Any CPU.ActiveCfg = Release|Any CPU
		{C0A94DC6-8D20-4F02-B7AB-3529A91FEFBF}.Release|Any CPU.Build.0 = Release|Any CPU
		{30E1E83A-7C7B-4C9A-92B6-B1D5376F080D}.Debug|Any CPU.ActiveCfg = Debug|Any CPU
		{30E1E83A-7C7B-4C9A-92B6-B1D5376F080D}.Debug|Any CPU.Build.0 = Debug|Any CPU
		{30E1E83A-7C7B-4C9A-92B6-B1D5376F080D}.Release|Any CPU.ActiveCfg = Release|Any CPU
		{30E1E83A-7C7B-4C9A-92B6-B1D5376F080D}.Release|Any CPU.Build.0 = Release|Any CPU
		{FFC07BF0-8404-4267-AB7A-B2FCE504174C}.Debug|Any CPU.ActiveCfg = Debug|Any CPU
		{FFC07BF0-8404-4267-AB7A-B2FCE504174C}.Debug|Any CPU.Build.0 = Debug|Any CPU
		{FFC07BF0-8404-4267-AB7A-B2FCE504174C}.Release|Any CPU.ActiveCfg = Release|Any CPU
		{FFC07BF0-8404-4267-AB7A-B2FCE504174C}.Release|Any CPU.Build.0 = Release|Any CPU
		{62F154E3-AD65-4848-97E6-2DEEDAB9EEBA}.Debug|Any CPU.ActiveCfg = Debug|Any CPU
		{62F154E3-AD65-4848-97E6-2DEEDAB9EEBA}.Debug|Any CPU.Build.0 = Debug|Any CPU
		{62F154E3-AD65-4848-97E6-2DEEDAB9EEBA}.Release|Any CPU.ActiveCfg = Release|Any CPU
		{62F154E3-AD65-4848-97E6-2DEEDAB9EEBA}.Release|Any CPU.Build.0 = Release|Any CPU
	EndGlobalSection
	GlobalSection(SolutionProperties) = preSolution
		HideSolutionNode = FALSE
	EndGlobalSection
	GlobalSection(ExtensibilityGlobals) = postSolution
		SolutionGuid = {AC243A59-5B4A-4400-A9D3-3F69A1DEDD61}
	EndGlobalSection
EndGlobal
