
Microsoft Visual Studio Solution File, Format Version 12.00
# Visual Studio Version 17
VisualStudioVersion = 17.6.33829.357
MinimumVisualStudioVersion = 10.0.40219.1
Project("{FAE04EC0-301F-11D3-BF4B-00C04F79EFBC}") = "Classe_Objeto", "Classe_Objeto\Classe_Objeto.csproj", "{EC5B767C-940B-4C0D-A904-78977CDD2111}"
EndProject
Project("{FAE04EC0-301F-11D3-BF4B-00C04F79EFBC}") = "Metodos", "Metodos\Metodos.csproj", "{AAEA6315-ACA8-4099-9CD2-FCC6B79A5843}"
EndProject
Project("{FAE04EC0-301F-11D3-BF4B-00C04F79EFBC}") = "Parametros", "Parametros\Parametros.csproj", "{AF02A3F3-1AB3-4C09-AB39-5FEA4B2B7D2D}"
EndProject
Project("{FAE04EC0-301F-11D3-BF4B-00C04F79EFBC}") = "Metodos_Parametros", "Metodos_Parametros\Metodos_Parametros.csproj", "{3B572BE0-A039-4E09-BA83-7690B475BB67}"
EndProject
Global
	GlobalSection(SolutionConfigurationPlatforms) = preSolution
		Debug|Any CPU = Debug|Any CPU
		Release|Any CPU = Release|Any CPU
	EndGlobalSection
	GlobalSection(ProjectConfigurationPlatforms) = postSolution
		{EC5B767C-940B-4C0D-A904-78977CDD2111}.Debug|Any CPU.ActiveCfg = Debug|Any CPU
		{EC5B767C-940B-4C0D-A904-78977CDD2111}.Debug|Any CPU.Build.0 = Debug|Any CPU
		{EC5B767C-940B-4C0D-A904-78977CDD2111}.Release|Any CPU.ActiveCfg = Release|Any CPU
		{EC5B767C-940B-4C0D-A904-78977CDD2111}.Release|Any CPU.Build.0 = Release|Any CPU
		{AAEA6315-ACA8-4099-9CD2-FCC6B79A5843}.Debug|Any CPU.ActiveCfg = Debug|Any CPU
		{AAEA6315-ACA8-4099-9CD2-FCC6B79A5843}.Debug|Any CPU.Build.0 = Debug|Any CPU
		{AAEA6315-ACA8-4099-9CD2-FCC6B79A5843}.Release|Any CPU.ActiveCfg = Release|Any CPU
		{AAEA6315-ACA8-4099-9CD2-FCC6B79A5843}.Release|Any CPU.Build.0 = Release|Any CPU
		{AF02A3F3-1AB3-4C09-AB39-5FEA4B2B7D2D}.Debug|Any CPU.ActiveCfg = Debug|Any CPU
		{AF02A3F3-1AB3-4C09-AB39-5FEA4B2B7D2D}.Debug|Any CPU.Build.0 = Debug|Any CPU
		{AF02A3F3-1AB3-4C09-AB39-5FEA4B2B7D2D}.Release|Any CPU.ActiveCfg = Release|Any CPU
		{AF02A3F3-1AB3-4C09-AB39-5FEA4B2B7D2D}.Release|Any CPU.Build.0 = Release|Any CPU
		{3B572BE0-A039-4E09-BA83-7690B475BB67}.Debug|Any CPU.ActiveCfg = Debug|Any CPU
		{3B572BE0-A039-4E09-BA83-7690B475BB67}.Debug|Any CPU.Build.0 = Debug|Any CPU
		{3B572BE0-A039-4E09-BA83-7690B475BB67}.Release|Any CPU.ActiveCfg = Release|Any CPU
		{3B572BE0-A039-4E09-BA83-7690B475BB67}.Release|Any CPU.Build.0 = Release|Any CPU
	EndGlobalSection
	GlobalSection(SolutionProperties) = preSolution
		HideSolutionNode = FALSE
	EndGlobalSection
	GlobalSection(ExtensibilityGlobals) = postSolution
		SolutionGuid = {AC243A59-5B4A-4400-A9D3-3F69A1DEDD61}
	EndGlobalSection
EndGlobal
