
Microsoft Visual Studio Solution File, Format Version 12.00
# Visual Studio Version 17
VisualStudioVersion = 17.6.33829.357
MinimumVisualStudioVersion = 10.0.40219.1
Project("{9A19103F-16F7-4668-BE54-9A1E7A4F7556}") = "Exercicio1", "Exercicio1\Exercicio1.csproj", "{96E16824-FBAB-41D2-B574-8F5EA4C886C7}"
EndProject
Project("{FAE04EC0-301F-11D3-BF4B-00C04F79EFBC}") = "Exercicio2", "Exercicio2\Exercicio2.csproj", "{302E1A0F-AB2D-4E79-A427-64DF2B8C2A01}"
EndProject
Global
	GlobalSection(SolutionConfigurationPlatforms) = preSolution
		Debug|Any CPU = Debug|Any CPU
		Release|Any CPU = Release|Any CPU
	EndGlobalSection
	GlobalSection(ProjectConfigurationPlatforms) = postSolution
		{96E16824-FBAB-41D2-B574-8F5EA4C886C7}.Debug|Any CPU.ActiveCfg = Debug|Any CPU
		{96E16824-FBAB-41D2-B574-8F5EA4C886C7}.Debug|Any CPU.Build.0 = Debug|Any CPU
		{96E16824-FBAB-41D2-B574-8F5EA4C886C7}.Release|Any CPU.ActiveCfg = Release|Any CPU
		{96E16824-FBAB-41D2-B574-8F5EA4C886C7}.Release|Any CPU.Build.0 = Release|Any CPU
		{302E1A0F-AB2D-4E79-A427-64DF2B8C2A01}.Debug|Any CPU.ActiveCfg = Debug|Any CPU
		{302E1A0F-AB2D-4E79-A427-64DF2B8C2A01}.Debug|Any CPU.Build.0 = Debug|Any CPU
		{302E1A0F-AB2D-4E79-A427-64DF2B8C2A01}.Release|Any CPU.ActiveCfg = Release|Any CPU
		{302E1A0F-AB2D-4E79-A427-64DF2B8C2A01}.Release|Any CPU.Build.0 = Release|Any CPU
	EndGlobalSection
	GlobalSection(SolutionProperties) = preSolution
		HideSolutionNode = FALSE
	EndGlobalSection
	GlobalSection(ExtensibilityGlobals) = postSolution
		SolutionGuid = {34DC5F1A-BF45-4A44-9EB7-86B5FE6C680C}
	EndGlobalSection
EndGlobal
