
Microsoft Visual Studio Solution File, Format Version 12.00
# Visual Studio Version 17
VisualStudioVersion = 17.7.34024.191
MinimumVisualStudioVersion = 10.0.40219.1
Project("{9A19103F-16F7-4668-BE54-9A1E7A4F7556}") = "try_catch_finally", "try_catch_finally\try_catch_finally.csproj", "{915F9E60-8692-402E-B5F3-BDB899E6176D}"
EndProject
Project("{9A19103F-16F7-4668-BE54-9A1E7A4F7556}") = "throw", "throw\throw.csproj", "{EBF230F2-1B81-448E-9CD5-588A12D90F0F}"
EndProject
Project("{9A19103F-16F7-4668-BE54-9A1E7A4F7556}") = "Filtro_Exceções", "Filtro_Exceções\Filtro_Exceções.csproj", "{780EDD59-0ED3-4572-9C37-1B3B099C68DA}"
EndProject
Project("{9A19103F-16F7-4668-BE54-9A1E7A4F7556}") = "Exercicio_Tratamento_Exceção", "Exercicio_Tratamento_Exceção\Exercicio_Tratamento_Exceção.csproj", "{292892D1-6613-41E4-8529-789BC9003207}"
EndProject
Project("{FAE04EC0-301F-11D3-BF4B-00C04F79EFBC}") = "Exceções_Personalizadas", "Exceções_Personalizadas\Exceções_Personalizadas.csproj", "{B1F134B4-EF22-47E2-9EF1-047E837746D9}"
EndProject
Global
	GlobalSection(SolutionConfigurationPlatforms) = preSolution
		Debug|Any CPU = Debug|Any CPU
		Release|Any CPU = Release|Any CPU
	EndGlobalSection
	GlobalSection(ProjectConfigurationPlatforms) = postSolution
		{915F9E60-8692-402E-B5F3-BDB899E6176D}.Debug|Any CPU.ActiveCfg = Debug|Any CPU
		{915F9E60-8692-402E-B5F3-BDB899E6176D}.Debug|Any CPU.Build.0 = Debug|Any CPU
		{915F9E60-8692-402E-B5F3-BDB899E6176D}.Release|Any CPU.ActiveCfg = Release|Any CPU
		{915F9E60-8692-402E-B5F3-BDB899E6176D}.Release|Any CPU.Build.0 = Release|Any CPU
		{EBF230F2-1B81-448E-9CD5-588A12D90F0F}.Debug|Any CPU.ActiveCfg = Debug|Any CPU
		{EBF230F2-1B81-448E-9CD5-588A12D90F0F}.Debug|Any CPU.Build.0 = Debug|Any CPU
		{EBF230F2-1B81-448E-9CD5-588A12D90F0F}.Release|Any CPU.ActiveCfg = Release|Any CPU
		{EBF230F2-1B81-448E-9CD5-588A12D90F0F}.Release|Any CPU.Build.0 = Release|Any CPU
		{780EDD59-0ED3-4572-9C37-1B3B099C68DA}.Debug|Any CPU.ActiveCfg = Debug|Any CPU
		{780EDD59-0ED3-4572-9C37-1B3B099C68DA}.Debug|Any CPU.Build.0 = Debug|Any CPU
		{780EDD59-0ED3-4572-9C37-1B3B099C68DA}.Release|Any CPU.ActiveCfg = Release|Any CPU
		{780EDD59-0ED3-4572-9C37-1B3B099C68DA}.Release|Any CPU.Build.0 = Release|Any CPU
		{292892D1-6613-41E4-8529-789BC9003207}.Debug|Any CPU.ActiveCfg = Debug|Any CPU
		{292892D1-6613-41E4-8529-789BC9003207}.Debug|Any CPU.Build.0 = Debug|Any CPU
		{292892D1-6613-41E4-8529-789BC9003207}.Release|Any CPU.ActiveCfg = Release|Any CPU
		{292892D1-6613-41E4-8529-789BC9003207}.Release|Any CPU.Build.0 = Release|Any CPU
		{B1F134B4-EF22-47E2-9EF1-047E837746D9}.Debug|Any CPU.ActiveCfg = Debug|Any CPU
		{B1F134B4-EF22-47E2-9EF1-047E837746D9}.Debug|Any CPU.Build.0 = Debug|Any CPU
		{B1F134B4-EF22-47E2-9EF1-047E837746D9}.Release|Any CPU.ActiveCfg = Release|Any CPU
		{B1F134B4-EF22-47E2-9EF1-047E837746D9}.Release|Any CPU.Build.0 = Release|Any CPU
	EndGlobalSection
	GlobalSection(SolutionProperties) = preSolution
		HideSolutionNode = FALSE
	EndGlobalSection
	GlobalSection(ExtensibilityGlobals) = postSolution
		SolutionGuid = {73F0B5F5-EB19-4B05-AE7B-E77F48761EF7}
	EndGlobalSection
EndGlobal
