
Microsoft Visual Studio Solution File, Format Version 12.00
# Visual Studio Version 17
VisualStudioVersion = 17.6.33829.357
MinimumVisualStudioVersion = 10.0.40219.1
Project("{9A19103F-16F7-4668-BE54-9A1E7A4F7556}") = "TipoDeDados1", "TipoDeDados1\TipoDeDados1.csproj", "{380FF812-7555-443A-BB62-B129785B212F}"
EndProject
Project("{9A19103F-16F7-4668-BE54-9A1E7A4F7556}") = "TipoDeDados2", "TipoDeDados2\TipoDeDados2.csproj", "{6338D012-91C4-41E1-A450-DD5928ED0BDC}"
EndProject
Project("{9A19103F-16F7-4668-BE54-9A1E7A4F7556}") = "TipoDeDados3", "TipoDeDados3\TipoDeDados3.csproj", "{7E2E3E73-04DB-421A-B818-73D8FD29C67D}"
EndProject
Project("{9A19103F-16F7-4668-BE54-9A1E7A4F7556}") = "TipoDeDado4", "TipoDeDado4\TipoDeDado4.csproj", "{FF496C82-FE51-413C-ADFF-DBB3D64B4FE2}"
EndProject
Project("{9A19103F-16F7-4668-BE54-9A1E7A4F7556}") = "TipoDateTime1", "TipoDateTime1\TipoDateTime1.csproj", "{416157CA-BA97-46E7-99CD-BDBA1AB93BAC}"
EndProject
Project("{9A19103F-16F7-4668-BE54-9A1E7A4F7556}") = "NullableTypes1", "NullableTypes1\NullableTypes1.csproj", "{87CBA172-01EB-4FDE-9CC1-E7225DDCCE59}"
EndProject
Project("{9A19103F-16F7-4668-BE54-9A1E7A4F7556}") = "Identificadores", "Identificadores\Identificadores.csproj", "{1212FFD1-93D8-440C-BDA9-813B6ABF863B}"
EndProject
Project("{FAE04EC0-301F-11D3-BF4B-00C04F79EFBC}") = "SaidaDados", "SaidaDados\SaidaDados.csproj", "{9BFA2F63-22D6-4243-9F93-6F0C594F9698}"
EndProject
Project("{FAE04EC0-301F-11D3-BF4B-00C04F79EFBC}") = "SaidaDados2", "SaidaDados2\SaidaDados2.csproj", "{8ABBA78A-A702-4BF1-97FB-0839B82A5167}"
EndProject
Project("{FAE04EC0-301F-11D3-BF4B-00C04F79EFBC}") = "ConversaoTipos", "ConversaoTipos\ConversaoTipos.csproj", "{39BBF109-8014-4BE5-BE90-D21769D9A457}"
EndProject
Project("{FAE04EC0-301F-11D3-BF4B-00C04F79EFBC}") = "1ConversaoTipos", "1ConversaoTipos\1ConversaoTipos.csproj", "{671C1F02-471F-47D8-8339-F82A9DF961E6}"
EndProject
Global
	GlobalSection(SolutionConfigurationPlatforms) = preSolution
		Debug|Any CPU = Debug|Any CPU
		Release|Any CPU = Release|Any CPU
	EndGlobalSection
	GlobalSection(ProjectConfigurationPlatforms) = postSolution
		{380FF812-7555-443A-BB62-B129785B212F}.Debug|Any CPU.ActiveCfg = Debug|Any CPU
		{380FF812-7555-443A-BB62-B129785B212F}.Debug|Any CPU.Build.0 = Debug|Any CPU
		{380FF812-7555-443A-BB62-B129785B212F}.Release|Any CPU.ActiveCfg = Release|Any CPU
		{380FF812-7555-443A-BB62-B129785B212F}.Release|Any CPU.Build.0 = Release|Any CPU
		{6338D012-91C4-41E1-A450-DD5928ED0BDC}.Debug|Any CPU.ActiveCfg = Debug|Any CPU
		{6338D012-91C4-41E1-A450-DD5928ED0BDC}.Debug|Any CPU.Build.0 = Debug|Any CPU
		{6338D012-91C4-41E1-A450-DD5928ED0BDC}.Release|Any CPU.ActiveCfg = Release|Any CPU
		{6338D012-91C4-41E1-A450-DD5928ED0BDC}.Release|Any CPU.Build.0 = Release|Any CPU
		{7E2E3E73-04DB-421A-B818-73D8FD29C67D}.Debug|Any CPU.ActiveCfg = Debug|Any CPU
		{7E2E3E73-04DB-421A-B818-73D8FD29C67D}.Debug|Any CPU.Build.0 = Debug|Any CPU
		{7E2E3E73-04DB-421A-B818-73D8FD29C67D}.Release|Any CPU.ActiveCfg = Release|Any CPU
		{7E2E3E73-04DB-421A-B818-73D8FD29C67D}.Release|Any CPU.Build.0 = Release|Any CPU
		{FF496C82-FE51-413C-ADFF-DBB3D64B4FE2}.Debug|Any CPU.ActiveCfg = Debug|Any CPU
		{FF496C82-FE51-413C-ADFF-DBB3D64B4FE2}.Debug|Any CPU.Build.0 = Debug|Any CPU
		{FF496C82-FE51-413C-ADFF-DBB3D64B4FE2}.Release|Any CPU.ActiveCfg = Release|Any CPU
		{FF496C82-FE51-413C-ADFF-DBB3D64B4FE2}.Release|Any CPU.Build.0 = Release|Any CPU
		{416157CA-BA97-46E7-99CD-BDBA1AB93BAC}.Debug|Any CPU.ActiveCfg = Debug|Any CPU
		{416157CA-BA97-46E7-99CD-BDBA1AB93BAC}.Debug|Any CPU.Build.0 = Debug|Any CPU
		{416157CA-BA97-46E7-99CD-BDBA1AB93BAC}.Release|Any CPU.ActiveCfg = Release|Any CPU
		{416157CA-BA97-46E7-99CD-BDBA1AB93BAC}.Release|Any CPU.Build.0 = Release|Any CPU
		{87CBA172-01EB-4FDE-9CC1-E7225DDCCE59}.Debug|Any CPU.ActiveCfg = Debug|Any CPU
		{87CBA172-01EB-4FDE-9CC1-E7225DDCCE59}.Debug|Any CPU.Build.0 = Debug|Any CPU
		{87CBA172-01EB-4FDE-9CC1-E7225DDCCE59}.Release|Any CPU.ActiveCfg = Release|Any CPU
		{87CBA172-01EB-4FDE-9CC1-E7225DDCCE59}.Release|Any CPU.Build.0 = Release|Any CPU
		{1212FFD1-93D8-440C-BDA9-813B6ABF863B}.Debug|Any CPU.ActiveCfg = Debug|Any CPU
		{1212FFD1-93D8-440C-BDA9-813B6ABF863B}.Debug|Any CPU.Build.0 = Debug|Any CPU
		{1212FFD1-93D8-440C-BDA9-813B6ABF863B}.Release|Any CPU.ActiveCfg = Release|Any CPU
		{1212FFD1-93D8-440C-BDA9-813B6ABF863B}.Release|Any CPU.Build.0 = Release|Any CPU
		{9BFA2F63-22D6-4243-9F93-6F0C594F9698}.Debug|Any CPU.ActiveCfg = Debug|Any CPU
		{9BFA2F63-22D6-4243-9F93-6F0C594F9698}.Debug|Any CPU.Build.0 = Debug|Any CPU
		{9BFA2F63-22D6-4243-9F93-6F0C594F9698}.Release|Any CPU.ActiveCfg = Release|Any CPU
		{9BFA2F63-22D6-4243-9F93-6F0C594F9698}.Release|Any CPU.Build.0 = Release|Any CPU
		{8ABBA78A-A702-4BF1-97FB-0839B82A5167}.Debug|Any CPU.ActiveCfg = Debug|Any CPU
		{8ABBA78A-A702-4BF1-97FB-0839B82A5167}.Debug|Any CPU.Build.0 = Debug|Any CPU
		{8ABBA78A-A702-4BF1-97FB-0839B82A5167}.Release|Any CPU.ActiveCfg = Release|Any CPU
		{8ABBA78A-A702-4BF1-97FB-0839B82A5167}.Release|Any CPU.Build.0 = Release|Any CPU
		{39BBF109-8014-4BE5-BE90-D21769D9A457}.Debug|Any CPU.ActiveCfg = Debug|Any CPU
		{39BBF109-8014-4BE5-BE90-D21769D9A457}.Debug|Any CPU.Build.0 = Debug|Any CPU
		{39BBF109-8014-4BE5-BE90-D21769D9A457}.Release|Any CPU.ActiveCfg = Release|Any CPU
		{39BBF109-8014-4BE5-BE90-D21769D9A457}.Release|Any CPU.Build.0 = Release|Any CPU
		{671C1F02-471F-47D8-8339-F82A9DF961E6}.Debug|Any CPU.ActiveCfg = Debug|Any CPU
		{671C1F02-471F-47D8-8339-F82A9DF961E6}.Debug|Any CPU.Build.0 = Debug|Any CPU
		{671C1F02-471F-47D8-8339-F82A9DF961E6}.Release|Any CPU.ActiveCfg = Release|Any CPU
		{671C1F02-471F-47D8-8339-F82A9DF961E6}.Release|Any CPU.Build.0 = Release|Any CPU
	EndGlobalSection
	GlobalSection(SolutionProperties) = preSolution
		HideSolutionNode = FALSE
	EndGlobalSection
	GlobalSection(ExtensibilityGlobals) = postSolution
		SolutionGuid = {54E77583-0ED3-4D41-975A-8DCEFE953B51}
	EndGlobalSection
EndGlobal
