
Microsoft Visual Studio Solution File, Format Version 12.00
# Visual Studio Version 17
VisualStudioVersion = 17.6.33829.357
MinimumVisualStudioVersion = 10.0.40219.1
Project("{9A19103F-16F7-4668-BE54-9A1E7A4F7556}") = "Exercicio1", "Exercicio1\Exercicio1.csproj", "{96E16824-FBAB-41D2-B574-8F5EA4C886C7}"
EndProject
Project("{9A19103F-16F7-4668-BE54-9A1E7A4F7556}") = "Exercicio2", "Exercicio2\Exercicio2.csproj", "{302E1A0F-AB2D-4E79-A427-64DF2B8C2A01}"
EndProject
Project("{9A19103F-16F7-4668-BE54-9A1E7A4F7556}") = "Exercicio3", "Exercicio3\Exercicio3.csproj", "{346D9100-3168-4176-8FC2-A947BDCE8D70}"
EndProject
Project("{9A19103F-16F7-4668-BE54-9A1E7A4F7556}") = "Exercicio4", "Exercicio4\Exercicio4.csproj", "{CCCC65B5-F551-4F54-9022-669D4D7014D8}"
EndProject
Project("{9A19103F-16F7-4668-BE54-9A1E7A4F7556}") = "Exercicio5", "Exercicio5\Exercicio5.csproj", "{A4989132-73A3-4790-900E-554E5AFBB199}"
EndProject
Project("{9A19103F-16F7-4668-BE54-9A1E7A4F7556}") = "Exercicio6", "Exercicio6\Exercicio6.csproj", "{D56463AF-1348-4B0C-9E69-49A9648AE727}"
EndProject
Project("{FAE04EC0-301F-11D3-BF4B-00C04F79EFBC}") = "Exercicio7", "Exercicio7\Exercicio7.csproj", "{949FE7DA-CAD3-432B-AAD2-C100A6A3F3A6}"
EndProject
Project("{FAE04EC0-301F-11D3-BF4B-00C04F79EFBC}") = "Exercicio8", "Exercicio8\Exercicio8.csproj", "{4D27FB27-4681-4541-890A-1B13B30BA8B2}"
EndProject
Project("{FAE04EC0-301F-11D3-BF4B-00C04F79EFBC}") = "Exercicio9", "Exercicio9\Exercicio9.csproj", "{4E2F4420-826D-473E-9E39-F5DFDD48E980}"
EndProject
Global
	GlobalSection(SolutionConfigurationPlatforms) = preSolution
		Debug|Any CPU = Debug|Any CPU
		Release|Any CPU = Release|Any CPU
	EndGlobalSection
	GlobalSection(ProjectConfigurationPlatforms) = postSolution
		{96E16824-FBAB-41D2-B574-8F5EA4C886C7}.Debug|Any CPU.ActiveCfg = Debug|Any CPU
		{96E16824-FBAB-41D2-B574-8F5EA4C886C7}.Debug|Any CPU.Build.0 = Debug|Any CPU
		{96E16824-FBAB-41D2-B574-8F5EA4C886C7}.Release|Any CPU.ActiveCfg = Release|Any CPU
		{96E16824-FBAB-41D2-B574-8F5EA4C886C7}.Release|Any CPU.Build.0 = Release|Any CPU
		{302E1A0F-AB2D-4E79-A427-64DF2B8C2A01}.Debug|Any CPU.ActiveCfg = Debug|Any CPU
		{302E1A0F-AB2D-4E79-A427-64DF2B8C2A01}.Debug|Any CPU.Build.0 = Debug|Any CPU
		{302E1A0F-AB2D-4E79-A427-64DF2B8C2A01}.Release|Any CPU.ActiveCfg = Release|Any CPU
		{302E1A0F-AB2D-4E79-A427-64DF2B8C2A01}.Release|Any CPU.Build.0 = Release|Any CPU
		{346D9100-3168-4176-8FC2-A947BDCE8D70}.Debug|Any CPU.ActiveCfg = Debug|Any CPU
		{346D9100-3168-4176-8FC2-A947BDCE8D70}.Debug|Any CPU.Build.0 = Debug|Any CPU
		{346D9100-3168-4176-8FC2-A947BDCE8D70}.Release|Any CPU.ActiveCfg = Release|Any CPU
		{346D9100-3168-4176-8FC2-A947BDCE8D70}.Release|Any CPU.Build.0 = Release|Any CPU
		{CCCC65B5-F551-4F54-9022-669D4D7014D8}.Debug|Any CPU.ActiveCfg = Debug|Any CPU
		{CCCC65B5-F551-4F54-9022-669D4D7014D8}.Debug|Any CPU.Build.0 = Debug|Any CPU
		{CCCC65B5-F551-4F54-9022-669D4D7014D8}.Release|Any CPU.ActiveCfg = Release|Any CPU
		{CCCC65B5-F551-4F54-9022-669D4D7014D8}.Release|Any CPU.Build.0 = Release|Any CPU
		{A4989132-73A3-4790-900E-554E5AFBB199}.Debug|Any CPU.ActiveCfg = Debug|Any CPU
		{A4989132-73A3-4790-900E-554E5AFBB199}.Debug|Any CPU.Build.0 = Debug|Any CPU
		{A4989132-73A3-4790-900E-554E5AFBB199}.Release|Any CPU.ActiveCfg = Release|Any CPU
		{A4989132-73A3-4790-900E-554E5AFBB199}.Release|Any CPU.Build.0 = Release|Any CPU
		{D56463AF-1348-4B0C-9E69-49A9648AE727}.Debug|Any CPU.ActiveCfg = Debug|Any CPU
		{D56463AF-1348-4B0C-9E69-49A9648AE727}.Debug|Any CPU.Build.0 = Debug|Any CPU
		{D56463AF-1348-4B0C-9E69-49A9648AE727}.Release|Any CPU.ActiveCfg = Release|Any CPU
		{D56463AF-1348-4B0C-9E69-49A9648AE727}.Release|Any CPU.Build.0 = Release|Any CPU
		{949FE7DA-CAD3-432B-AAD2-C100A6A3F3A6}.Debug|Any CPU.ActiveCfg = Debug|Any CPU
		{949FE7DA-CAD3-432B-AAD2-C100A6A3F3A6}.Debug|Any CPU.Build.0 = Debug|Any CPU
		{949FE7DA-CAD3-432B-AAD2-C100A6A3F3A6}.Release|Any CPU.ActiveCfg = Release|Any CPU
		{949FE7DA-CAD3-432B-AAD2-C100A6A3F3A6}.Release|Any CPU.Build.0 = Release|Any CPU
		{4D27FB27-4681-4541-890A-1B13B30BA8B2}.Debug|Any CPU.ActiveCfg = Debug|Any CPU
		{4D27FB27-4681-4541-890A-1B13B30BA8B2}.Debug|Any CPU.Build.0 = Debug|Any CPU
		{4D27FB27-4681-4541-890A-1B13B30BA8B2}.Release|Any CPU.ActiveCfg = Release|Any CPU
		{4D27FB27-4681-4541-890A-1B13B30BA8B2}.Release|Any CPU.Build.0 = Release|Any CPU
		{4E2F4420-826D-473E-9E39-F5DFDD48E980}.Debug|Any CPU.ActiveCfg = Debug|Any CPU
		{4E2F4420-826D-473E-9E39-F5DFDD48E980}.Debug|Any CPU.Build.0 = Debug|Any CPU
		{4E2F4420-826D-473E-9E39-F5DFDD48E980}.Release|Any CPU.ActiveCfg = Release|Any CPU
		{4E2F4420-826D-473E-9E39-F5DFDD48E980}.Release|Any CPU.Build.0 = Release|Any CPU
	EndGlobalSection
	GlobalSection(SolutionProperties) = preSolution
		HideSolutionNode = FALSE
	EndGlobalSection
	GlobalSection(ExtensibilityGlobals) = postSolution
		SolutionGuid = {34DC5F1A-BF45-4A44-9EB7-86B5FE6C680C}
	EndGlobalSection
EndGlobal
