
Microsoft Visual Studio Solution File, Format Version 12.00
# Visual Studio Version 17
VisualStudioVersion = 17.7.34003.232
MinimumVisualStudioVersion = 10.0.40219.1
Project("{9A19103F-16F7-4668-BE54-9A1E7A4F7556}") = "Arrays", "Arrays\Arrays.csproj", "{F296D1F8-1F28-4BB1-ADDF-A99C444A696A}"
EndProject
Project("{9A19103F-16F7-4668-BE54-9A1E7A4F7556}") = "Array_laço_for", "Array_laço_for\Array_laço_for.csproj", "{C5845173-B24E-4257-89BD-89B6285AF95B}"
EndProject
Project("{9A19103F-16F7-4668-BE54-9A1E7A4F7556}") = "Array_Foreach", "Array_Foreach\Array_Foreach.csproj", "{74FDD13C-5CB6-434D-A623-ACA945590846}"
EndProject
Project("{9A19103F-16F7-4668-BE54-9A1E7A4F7556}") = "Classe_Array", "Classe_Array\Classe_Array.csproj", "{2572C930-8E22-4915-8B50-BE786D8BBB2C}"
EndProject
Project("{9A19103F-16F7-4668-BE54-9A1E7A4F7556}") = "Exercicio_Array", "Exercicio_Array\Exercicio_Array.csproj", "{733B2649-0484-4FDB-8D77-73BA5657ED65}"
EndProject
Project("{9A19103F-16F7-4668-BE54-9A1E7A4F7556}") = "Modificador_Params", "Modificador_Params\Modificador_Params.csproj", "{211BED4A-46A0-4E5D-9E84-C1E621B8E824}"
EndProject
Project("{9A19103F-16F7-4668-BE54-9A1E7A4F7556}") = "Arrays_Multidimensionais", "Arrays_Multidimensionais\Arrays_Multidimensionais.csproj", "{DF34F861-6DAF-449A-8B54-C19B7E618CBD}"
EndProject
Project("{9A19103F-16F7-4668-BE54-9A1E7A4F7556}") = "Array_Multidimensionais_For_Foreach", "Array_Multidimensionais_For_Foreach\Array_Multidimensionais_For_Foreach.csproj", "{43E5F20D-5372-4E9A-A147-1A272F81E1BD}"
EndProject
Project("{9A19103F-16F7-4668-BE54-9A1E7A4F7556}") = "Exercicio_Arrays_Multidimensionais", "Exercicio_Arrays_Multidimensionais\Exercicio_Arrays_Multidimensionais.csproj", "{359A58E0-9BCB-46D1-B890-F97536404261}"
EndProject
Project("{9A19103F-16F7-4668-BE54-9A1E7A4F7556}") = "ArrayList", "ArrayList\ArrayList.csproj", "{43E0E483-7ADA-4908-9F89-792EC5DEAC8E}"
EndProject
Project("{9A19103F-16F7-4668-BE54-9A1E7A4F7556}") = "ArrayList2", "ArrayList2\ArrayList2.csproj", "{FA42B536-1A7A-4758-B44D-4A3910115E73}"
EndProject
Project("{9A19103F-16F7-4668-BE54-9A1E7A4F7556}") = "ArrayList3", "ArrayList3\ArrayList3.csproj", "{70B3A8E2-22F4-49B9-8155-EDE900EE8756}"
EndProject
Project("{9A19103F-16F7-4668-BE54-9A1E7A4F7556}") = "ArrayList4", "ArrayList4\ArrayList4.csproj", "{34E0E80A-4A59-4D7C-BA06-DED933E14A4E}"
EndProject
Project("{FAE04EC0-301F-11D3-BF4B-00C04F79EFBC}") = "ListT", "ListT\ListT.csproj", "{294773C3-7CB5-48CF-829E-BDCBF4B0F870}"
EndProject
Global
	GlobalSection(SolutionConfigurationPlatforms) = preSolution
		Debug|Any CPU = Debug|Any CPU
		Release|Any CPU = Release|Any CPU
	EndGlobalSection
	GlobalSection(ProjectConfigurationPlatforms) = postSolution
		{F296D1F8-1F28-4BB1-ADDF-A99C444A696A}.Debug|Any CPU.ActiveCfg = Debug|Any CPU
		{F296D1F8-1F28-4BB1-ADDF-A99C444A696A}.Debug|Any CPU.Build.0 = Debug|Any CPU
		{F296D1F8-1F28-4BB1-ADDF-A99C444A696A}.Release|Any CPU.ActiveCfg = Release|Any CPU
		{F296D1F8-1F28-4BB1-ADDF-A99C444A696A}.Release|Any CPU.Build.0 = Release|Any CPU
		{C5845173-B24E-4257-89BD-89B6285AF95B}.Debug|Any CPU.ActiveCfg = Debug|Any CPU
		{C5845173-B24E-4257-89BD-89B6285AF95B}.Debug|Any CPU.Build.0 = Debug|Any CPU
		{C5845173-B24E-4257-89BD-89B6285AF95B}.Release|Any CPU.ActiveCfg = Release|Any CPU
		{C5845173-B24E-4257-89BD-89B6285AF95B}.Release|Any CPU.Build.0 = Release|Any CPU
		{74FDD13C-5CB6-434D-A623-ACA945590846}.Debug|Any CPU.ActiveCfg = Debug|Any CPU
		{74FDD13C-5CB6-434D-A623-ACA945590846}.Debug|Any CPU.Build.0 = Debug|Any CPU
		{74FDD13C-5CB6-434D-A623-ACA945590846}.Release|Any CPU.ActiveCfg = Release|Any CPU
		{74FDD13C-5CB6-434D-A623-ACA945590846}.Release|Any CPU.Build.0 = Release|Any CPU
		{2572C930-8E22-4915-8B50-BE786D8BBB2C}.Debug|Any CPU.ActiveCfg = Debug|Any CPU
		{2572C930-8E22-4915-8B50-BE786D8BBB2C}.Debug|Any CPU.Build.0 = Debug|Any CPU
		{2572C930-8E22-4915-8B50-BE786D8BBB2C}.Release|Any CPU.ActiveCfg = Release|Any CPU
		{2572C930-8E22-4915-8B50-BE786D8BBB2C}.Release|Any CPU.Build.0 = Release|Any CPU
		{733B2649-0484-4FDB-8D77-73BA5657ED65}.Debug|Any CPU.ActiveCfg = Debug|Any CPU
		{733B2649-0484-4FDB-8D77-73BA5657ED65}.Debug|Any CPU.Build.0 = Debug|Any CPU
		{733B2649-0484-4FDB-8D77-73BA5657ED65}.Release|Any CPU.ActiveCfg = Release|Any CPU
		{733B2649-0484-4FDB-8D77-73BA5657ED65}.Release|Any CPU.Build.0 = Release|Any CPU
		{211BED4A-46A0-4E5D-9E84-C1E621B8E824}.Debug|Any CPU.ActiveCfg = Debug|Any CPU
		{211BED4A-46A0-4E5D-9E84-C1E621B8E824}.Debug|Any CPU.Build.0 = Debug|Any CPU
		{211BED4A-46A0-4E5D-9E84-C1E621B8E824}.Release|Any CPU.ActiveCfg = Release|Any CPU
		{211BED4A-46A0-4E5D-9E84-C1E621B8E824}.Release|Any CPU.Build.0 = Release|Any CPU
		{DF34F861-6DAF-449A-8B54-C19B7E618CBD}.Debug|Any CPU.ActiveCfg = Debug|Any CPU
		{DF34F861-6DAF-449A-8B54-C19B7E618CBD}.Debug|Any CPU.Build.0 = Debug|Any CPU
		{DF34F861-6DAF-449A-8B54-C19B7E618CBD}.Release|Any CPU.ActiveCfg = Release|Any CPU
		{DF34F861-6DAF-449A-8B54-C19B7E618CBD}.Release|Any CPU.Build.0 = Release|Any CPU
		{43E5F20D-5372-4E9A-A147-1A272F81E1BD}.Debug|Any CPU.ActiveCfg = Debug|Any CPU
		{43E5F20D-5372-4E9A-A147-1A272F81E1BD}.Debug|Any CPU.Build.0 = Debug|Any CPU
		{43E5F20D-5372-4E9A-A147-1A272F81E1BD}.Release|Any CPU.ActiveCfg = Release|Any CPU
		{43E5F20D-5372-4E9A-A147-1A272F81E1BD}.Release|Any CPU.Build.0 = Release|Any CPU
		{359A58E0-9BCB-46D1-B890-F97536404261}.Debug|Any CPU.ActiveCfg = Debug|Any CPU
		{359A58E0-9BCB-46D1-B890-F97536404261}.Debug|Any CPU.Build.0 = Debug|Any CPU
		{359A58E0-9BCB-46D1-B890-F97536404261}.Release|Any CPU.ActiveCfg = Release|Any CPU
		{359A58E0-9BCB-46D1-B890-F97536404261}.Release|Any CPU.Build.0 = Release|Any CPU
		{43E0E483-7ADA-4908-9F89-792EC5DEAC8E}.Debug|Any CPU.ActiveCfg = Debug|Any CPU
		{43E0E483-7ADA-4908-9F89-792EC5DEAC8E}.Debug|Any CPU.Build.0 = Debug|Any CPU
		{43E0E483-7ADA-4908-9F89-792EC5DEAC8E}.Release|Any CPU.ActiveCfg = Release|Any CPU
		{43E0E483-7ADA-4908-9F89-792EC5DEAC8E}.Release|Any CPU.Build.0 = Release|Any CPU
		{FA42B536-1A7A-4758-B44D-4A3910115E73}.Debug|Any CPU.ActiveCfg = Debug|Any CPU
		{FA42B536-1A7A-4758-B44D-4A3910115E73}.Debug|Any CPU.Build.0 = Debug|Any CPU
		{FA42B536-1A7A-4758-B44D-4A3910115E73}.Release|Any CPU.ActiveCfg = Release|Any CPU
		{FA42B536-1A7A-4758-B44D-4A3910115E73}.Release|Any CPU.Build.0 = Release|Any CPU
		{70B3A8E2-22F4-49B9-8155-EDE900EE8756}.Debug|Any CPU.ActiveCfg = Debug|Any CPU
		{70B3A8E2-22F4-49B9-8155-EDE900EE8756}.Debug|Any CPU.Build.0 = Debug|Any CPU
		{70B3A8E2-22F4-49B9-8155-EDE900EE8756}.Release|Any CPU.ActiveCfg = Release|Any CPU
		{70B3A8E2-22F4-49B9-8155-EDE900EE8756}.Release|Any CPU.Build.0 = Release|Any CPU
		{34E0E80A-4A59-4D7C-BA06-DED933E14A4E}.Debug|Any CPU.ActiveCfg = Debug|Any CPU
		{34E0E80A-4A59-4D7C-BA06-DED933E14A4E}.Debug|Any CPU.Build.0 = Debug|Any CPU
		{34E0E80A-4A59-4D7C-BA06-DED933E14A4E}.Release|Any CPU.ActiveCfg = Release|Any CPU
		{34E0E80A-4A59-4D7C-BA06-DED933E14A4E}.Release|Any CPU.Build.0 = Release|Any CPU
		{294773C3-7CB5-48CF-829E-BDCBF4B0F870}.Debug|Any CPU.ActiveCfg = Debug|Any CPU
		{294773C3-7CB5-48CF-829E-BDCBF4B0F870}.Debug|Any CPU.Build.0 = Debug|Any CPU
		{294773C3-7CB5-48CF-829E-BDCBF4B0F870}.Release|Any CPU.ActiveCfg = Release|Any CPU
		{294773C3-7CB5-48CF-829E-BDCBF4B0F870}.Release|Any CPU.Build.0 = Release|Any CPU
	EndGlobalSection
	GlobalSection(SolutionProperties) = preSolution
		HideSolutionNode = FALSE
	EndGlobalSection
	GlobalSection(ExtensibilityGlobals) = postSolution
		SolutionGuid = {01C1D8AF-8F8E-4CAD-A793-BB8728BAEE79}
	EndGlobalSection
EndGlobal
