
Microsoft Visual Studio Solution File, Format Version 12.00
# Visual Studio Version 17
VisualStudioVersion = 17.6.33829.357
MinimumVisualStudioVersion = 10.0.40219.1
Project("{FAE04EC0-301F-11D3-BF4B-00C04F79EFBC}") = "ProjetoNet7", "ProjetoNet7\ProjetoNet7.csproj", "{5AFC4D96-0173-46C9-A105-81806AFCDA4F}"
EndProject
Global
	GlobalSection(SolutionConfigurationPlatforms) = preSolution
		Debug|Any CPU = Debug|Any CPU
		Release|Any CPU = Release|Any CPU
	EndGlobalSection
	GlobalSection(ProjectConfigurationPlatforms) = postSolution
		{5AFC4D96-0173-46C9-A105-81806AFCDA4F}.Debug|Any CPU.ActiveCfg = Debug|Any CPU
		{5AFC4D96-0173-46C9-A105-81806AFCDA4F}.Debug|Any CPU.Build.0 = Debug|Any CPU
		{5AFC4D96-0173-46C9-A105-81806AFCDA4F}.Release|Any CPU.ActiveCfg = Release|Any CPU
		{5AFC4D96-0173-46C9-A105-81806AFCDA4F}.Release|Any CPU.Build.0 = Release|Any CPU
	EndGlobalSection
	GlobalSection(SolutionProperties) = preSolution
		HideSolutionNode = FALSE
	EndGlobalSection
	GlobalSection(ExtensibilityGlobals) = postSolution
		SolutionGuid = {EC28EE58-CD0F-4BD4-91E0-0262D43C5A0C}
	EndGlobalSection
EndGlobal
