
Microsoft Visual Studio Solution File, Format Version 12.00
# Visual Studio Version 17
VisualStudioVersion = 17.7.34024.191
MinimumVisualStudioVersion = 10.0.40219.1
Project("{9A19103F-16F7-4668-BE54-9A1E7A4F7556}") = "Fundamentos_LINQ", "ConsoleApp1\Fundamentos_LINQ.csproj", "{CE56E5E2-C5BA-4DFE-BB50-E783D5792DF4}"
EndProject
Project("{9A19103F-16F7-4668-BE54-9A1E7A4F7556}") = "Syntax_Metodo_Consulta", "Syntax_Metodo_Consulta\Syntax_Metodo_Consulta.csproj", "{5A6F2441-6E61-4C79-A225-45F67402D23C}"
EndProject
Global
	GlobalSection(SolutionConfigurationPlatforms) = preSolution
		Debug|Any CPU = Debug|Any CPU
		Release|Any CPU = Release|Any CPU
	EndGlobalSection
	GlobalSection(ProjectConfigurationPlatforms) = postSolution
		{CE56E5E2-C5BA-4DFE-BB50-E783D5792DF4}.Debug|Any CPU.ActiveCfg = Debug|Any CPU
		{CE56E5E2-C5BA-4DFE-BB50-E783D5792DF4}.Debug|Any CPU.Build.0 = Debug|Any CPU
		{CE56E5E2-C5BA-4DFE-BB50-E783D5792DF4}.Release|Any CPU.ActiveCfg = Release|Any CPU
		{CE56E5E2-C5BA-4DFE-BB50-E783D5792DF4}.Release|Any CPU.Build.0 = Release|Any CPU
		{5A6F2441-6E61-4C79-A225-45F67402D23C}.Debug|Any CPU.ActiveCfg = Debug|Any CPU
		{5A6F2441-6E61-4C79-A225-45F67402D23C}.Debug|Any CPU.Build.0 = Debug|Any CPU
		{5A6F2441-6E61-4C79-A225-45F67402D23C}.Release|Any CPU.ActiveCfg = Release|Any CPU
		{5A6F2441-6E61-4C79-A225-45F67402D23C}.Release|Any CPU.Build.0 = Release|Any CPU
	EndGlobalSection
	GlobalSection(SolutionProperties) = preSolution
		HideSolutionNode = FALSE
	EndGlobalSection
	GlobalSection(ExtensibilityGlobals) = postSolution
		SolutionGuid = {A3E892F6-9BB0-4221-BCCA-3D7D51D19C2C}
	EndGlobalSection
EndGlobal
