
Microsoft Visual Studio Solution File, Format Version 12.00
# Visual Studio Version 17
VisualStudioVersion = 17.7.34024.191
MinimumVisualStudioVersion = 10.0.40219.1
Project("{9A19103F-16F7-4668-BE54-9A1E7A4F7556}") = "Generics", "Generics\Generics.csproj", "{765ACB2B-6FC8-46F9-925B-DA42691B32D6}"
EndProject
Project("{9A19103F-16F7-4668-BE54-9A1E7A4F7556}") = "Exercicio_Generics", "Exercicio_Generics\Exercicio_Generics.csproj", "{D15BD0C2-854B-47E6-BAA3-952A89E0AE4F}"
EndProject
Project("{9A19103F-16F7-4668-BE54-9A1E7A4F7556}") = "GetHashCode_Equals", "GetHashCode_Equals\GetHashCode_Equals.csproj", "{CF2939FE-A752-40B5-BBDF-247D8D834041}"
EndProject
Project("{9A19103F-16F7-4668-BE54-9A1E7A4F7556}") = "Exemplo_GetHashCode", "Exemplo_GetHashCode\Exemplo_GetHashCode.csproj", "{9A257C55-07B1-43E9-A132-6B310B58EDCA}"
EndProject
Project("{9A19103F-16F7-4668-BE54-9A1E7A4F7556}") = "Dictionary", "Dictionary\Dictionary.csproj", "{8339E6B1-453A-40B6-A89A-A07F2724DC01}"
EndProject
Project("{9A19103F-16F7-4668-BE54-9A1E7A4F7556}") = "Exercicio_Dictionary", "Exercicio_Dictionary\Exercicio_Dictionary.csproj", "{59C31097-E861-494D-A867-80CF8BBDC88B}"
EndProject
Project("{9A19103F-16F7-4668-BE54-9A1E7A4F7556}") = "SortedDictionary", "SortedDictionary\SortedDictionary.csproj", "{C3D847DE-10DD-455C-9765-D4A574682DDB}"
EndProject
Project("{9A19103F-16F7-4668-BE54-9A1E7A4F7556}") = "HashSet", "HashSet\HashSet.csproj", "{B4CFB70A-6F7F-4978-91D9-9D07729EFD2E}"
EndProject
Project("{9A19103F-16F7-4668-BE54-9A1E7A4F7556}") = "HashSet2", "HashSet2\HashSet2.csproj", "{F9B5859E-0862-43D3-B593-53718CBE039B}"
EndProject
Project("{FAE04EC0-301F-11D3-BF4B-00C04F79EFBC}") = "SortedSet", "SortedSet\SortedSet.csproj", "{BDB6B0F8-B90C-43D3-A970-4602A2095DC6}"
EndProject
Project("{FAE04EC0-301F-11D3-BF4B-00C04F79EFBC}") = "StackT", "StackT\StackT.csproj", "{AE3CF98A-224C-4867-9D3E-F7836334C298}"
EndProject
Project("{FAE04EC0-301F-11D3-BF4B-00C04F79EFBC}") = "ExercicioStack_Undo", "ExercicioStack\ExercicioStack_Undo.csproj", "{6946AC7D-2C41-4B44-8B9F-5BE76A2764D6}"
EndProject
Project("{FAE04EC0-301F-11D3-BF4B-00C04F79EFBC}") = "Queue", "Queue\Queue.csproj", "{2C2823F9-13B5-4EE0-A59B-912FB2148F7B}"
EndProject
Project("{FAE04EC0-301F-11D3-BF4B-00C04F79EFBC}") = "ExercicioQueue", "ExercicioQueue\ExercicioQueue.csproj", "{29A5DBE8-BFEE-4789-A361-471987E5C105}"
EndProject
Project("{FAE04EC0-301F-11D3-BF4B-00C04F79EFBC}") = "ReadOnlyCollection", "ReadOnlyCollection\ReadOnlyCollection.csproj", "{86DEA079-269A-47CE-B0AA-C5E8F390EFBA}"
EndProject
Project("{FAE04EC0-301F-11D3-BF4B-00C04F79EFBC}") = "Exemplo_ReadOnlyCollection", "ExemploReadOnlyCollection\Exemplo_ReadOnlyCollection.csproj", "{972AF1F1-2B12-46E8-B7AE-B175B8979C75}"
EndProject
Project("{FAE04EC0-301F-11D3-BF4B-00C04F79EFBC}") = "ResolvedoReadOnlyCollection", "ResolvedoReadOnlyCollection\ResolvedoReadOnlyCollection.csproj", "{7B112E34-FC39-4C79-80C4-542F13B9B91B}"
EndProject
Global
	GlobalSection(SolutionConfigurationPlatforms) = preSolution
		Debug|Any CPU = Debug|Any CPU
		Release|Any CPU = Release|Any CPU
	EndGlobalSection
	GlobalSection(ProjectConfigurationPlatforms) = postSolution
		{765ACB2B-6FC8-46F9-925B-DA42691B32D6}.Debug|Any CPU.ActiveCfg = Debug|Any CPU
		{765ACB2B-6FC8-46F9-925B-DA42691B32D6}.Debug|Any CPU.Build.0 = Debug|Any CPU
		{765ACB2B-6FC8-46F9-925B-DA42691B32D6}.Release|Any CPU.ActiveCfg = Release|Any CPU
		{765ACB2B-6FC8-46F9-925B-DA42691B32D6}.Release|Any CPU.Build.0 = Release|Any CPU
		{D15BD0C2-854B-47E6-BAA3-952A89E0AE4F}.Debug|Any CPU.ActiveCfg = Debug|Any CPU
		{D15BD0C2-854B-47E6-BAA3-952A89E0AE4F}.Debug|Any CPU.Build.0 = Debug|Any CPU
		{D15BD0C2-854B-47E6-BAA3-952A89E0AE4F}.Release|Any CPU.ActiveCfg = Release|Any CPU
		{D15BD0C2-854B-47E6-BAA3-952A89E0AE4F}.Release|Any CPU.Build.0 = Release|Any CPU
		{CF2939FE-A752-40B5-BBDF-247D8D834041}.Debug|Any CPU.ActiveCfg = Debug|Any CPU
		{CF2939FE-A752-40B5-BBDF-247D8D834041}.Debug|Any CPU.Build.0 = Debug|Any CPU
		{CF2939FE-A752-40B5-BBDF-247D8D834041}.Release|Any CPU.ActiveCfg = Release|Any CPU
		{CF2939FE-A752-40B5-BBDF-247D8D834041}.Release|Any CPU.Build.0 = Release|Any CPU
		{9A257C55-07B1-43E9-A132-6B310B58EDCA}.Debug|Any CPU.ActiveCfg = Debug|Any CPU
		{9A257C55-07B1-43E9-A132-6B310B58EDCA}.Debug|Any CPU.Build.0 = Debug|Any CPU
		{9A257C55-07B1-43E9-A132-6B310B58EDCA}.Release|Any CPU.ActiveCfg = Release|Any CPU
		{9A257C55-07B1-43E9-A132-6B310B58EDCA}.Release|Any CPU.Build.0 = Release|Any CPU
		{8339E6B1-453A-40B6-A89A-A07F2724DC01}.Debug|Any CPU.ActiveCfg = Debug|Any CPU
		{8339E6B1-453A-40B6-A89A-A07F2724DC01}.Debug|Any CPU.Build.0 = Debug|Any CPU
		{8339E6B1-453A-40B6-A89A-A07F2724DC01}.Release|Any CPU.ActiveCfg = Release|Any CPU
		{8339E6B1-453A-40B6-A89A-A07F2724DC01}.Release|Any CPU.Build.0 = Release|Any CPU
		{59C31097-E861-494D-A867-80CF8BBDC88B}.Debug|Any CPU.ActiveCfg = Debug|Any CPU
		{59C31097-E861-494D-A867-80CF8BBDC88B}.Debug|Any CPU.Build.0 = Debug|Any CPU
		{59C31097-E861-494D-A867-80CF8BBDC88B}.Release|Any CPU.ActiveCfg = Release|Any CPU
		{59C31097-E861-494D-A867-80CF8BBDC88B}.Release|Any CPU.Build.0 = Release|Any CPU
		{C3D847DE-10DD-455C-9765-D4A574682DDB}.Debug|Any CPU.ActiveCfg = Debug|Any CPU
		{C3D847DE-10DD-455C-9765-D4A574682DDB}.Debug|Any CPU.Build.0 = Debug|Any CPU
		{C3D847DE-10DD-455C-9765-D4A574682DDB}.Release|Any CPU.ActiveCfg = Release|Any CPU
		{C3D847DE-10DD-455C-9765-D4A574682DDB}.Release|Any CPU.Build.0 = Release|Any CPU
		{B4CFB70A-6F7F-4978-91D9-9D07729EFD2E}.Debug|Any CPU.ActiveCfg = Debug|Any CPU
		{B4CFB70A-6F7F-4978-91D9-9D07729EFD2E}.Debug|Any CPU.Build.0 = Debug|Any CPU
		{B4CFB70A-6F7F-4978-91D9-9D07729EFD2E}.Release|Any CPU.ActiveCfg = Release|Any CPU
		{B4CFB70A-6F7F-4978-91D9-9D07729EFD2E}.Release|Any CPU.Build.0 = Release|Any CPU
		{F9B5859E-0862-43D3-B593-53718CBE039B}.Debug|Any CPU.ActiveCfg = Debug|Any CPU
		{F9B5859E-0862-43D3-B593-53718CBE039B}.Debug|Any CPU.Build.0 = Debug|Any CPU
		{F9B5859E-0862-43D3-B593-53718CBE039B}.Release|Any CPU.ActiveCfg = Release|Any CPU
		{F9B5859E-0862-43D3-B593-53718CBE039B}.Release|Any CPU.Build.0 = Release|Any CPU
		{BDB6B0F8-B90C-43D3-A970-4602A2095DC6}.Debug|Any CPU.ActiveCfg = Debug|Any CPU
		{BDB6B0F8-B90C-43D3-A970-4602A2095DC6}.Debug|Any CPU.Build.0 = Debug|Any CPU
		{BDB6B0F8-B90C-43D3-A970-4602A2095DC6}.Release|Any CPU.ActiveCfg = Release|Any CPU
		{BDB6B0F8-B90C-43D3-A970-4602A2095DC6}.Release|Any CPU.Build.0 = Release|Any CPU
		{AE3CF98A-224C-4867-9D3E-F7836334C298}.Debug|Any CPU.ActiveCfg = Debug|Any CPU
		{AE3CF98A-224C-4867-9D3E-F7836334C298}.Debug|Any CPU.Build.0 = Debug|Any CPU
		{AE3CF98A-224C-4867-9D3E-F7836334C298}.Release|Any CPU.ActiveCfg = Release|Any CPU
		{AE3CF98A-224C-4867-9D3E-F7836334C298}.Release|Any CPU.Build.0 = Release|Any CPU
		{6946AC7D-2C41-4B44-8B9F-5BE76A2764D6}.Debug|Any CPU.ActiveCfg = Debug|Any CPU
		{6946AC7D-2C41-4B44-8B9F-5BE76A2764D6}.Debug|Any CPU.Build.0 = Debug|Any CPU
		{6946AC7D-2C41-4B44-8B9F-5BE76A2764D6}.Release|Any CPU.ActiveCfg = Release|Any CPU
		{6946AC7D-2C41-4B44-8B9F-5BE76A2764D6}.Release|Any CPU.Build.0 = Release|Any CPU
		{2C2823F9-13B5-4EE0-A59B-912FB2148F7B}.Debug|Any CPU.ActiveCfg = Debug|Any CPU
		{2C2823F9-13B5-4EE0-A59B-912FB2148F7B}.Debug|Any CPU.Build.0 = Debug|Any CPU
		{2C2823F9-13B5-4EE0-A59B-912FB2148F7B}.Release|Any CPU.ActiveCfg = Release|Any CPU
		{2C2823F9-13B5-4EE0-A59B-912FB2148F7B}.Release|Any CPU.Build.0 = Release|Any CPU
		{29A5DBE8-BFEE-4789-A361-471987E5C105}.Debug|Any CPU.ActiveCfg = Debug|Any CPU
		{29A5DBE8-BFEE-4789-A361-471987E5C105}.Debug|Any CPU.Build.0 = Debug|Any CPU
		{29A5DBE8-BFEE-4789-A361-471987E5C105}.Release|Any CPU.ActiveCfg = Release|Any CPU
		{29A5DBE8-BFEE-4789-A361-471987E5C105}.Release|Any CPU.Build.0 = Release|Any CPU
		{86DEA079-269A-47CE-B0AA-C5E8F390EFBA}.Debug|Any CPU.ActiveCfg = Debug|Any CPU
		{86DEA079-269A-47CE-B0AA-C5E8F390EFBA}.Debug|Any CPU.Build.0 = Debug|Any CPU
		{86DEA079-269A-47CE-B0AA-C5E8F390EFBA}.Release|Any CPU.ActiveCfg = Release|Any CPU
		{86DEA079-269A-47CE-B0AA-C5E8F390EFBA}.Release|Any CPU.Build.0 = Release|Any CPU
		{972AF1F1-2B12-46E8-B7AE-B175B8979C75}.Debug|Any CPU.ActiveCfg = Debug|Any CPU
		{972AF1F1-2B12-46E8-B7AE-B175B8979C75}.Debug|Any CPU.Build.0 = Debug|Any CPU
		{972AF1F1-2B12-46E8-B7AE-B175B8979C75}.Release|Any CPU.ActiveCfg = Release|Any CPU
		{972AF1F1-2B12-46E8-B7AE-B175B8979C75}.Release|Any CPU.Build.0 = Release|Any CPU
		{7B112E34-FC39-4C79-80C4-542F13B9B91B}.Debug|Any CPU.ActiveCfg = Debug|Any CPU
		{7B112E34-FC39-4C79-80C4-542F13B9B91B}.Debug|Any CPU.Build.0 = Debug|Any CPU
		{7B112E34-FC39-4C79-80C4-542F13B9B91B}.Release|Any CPU.ActiveCfg = Release|Any CPU
		{7B112E34-FC39-4C79-80C4-542F13B9B91B}.Release|Any CPU.Build.0 = Release|Any CPU
	EndGlobalSection
	GlobalSection(SolutionProperties) = preSolution
		HideSolutionNode = FALSE
	EndGlobalSection
	GlobalSection(ExtensibilityGlobals) = postSolution
		SolutionGuid = {0BE1EF9B-7C83-4DD9-B654-C1BB1EB1BB62}
	EndGlobalSection
EndGlobal
