
Microsoft Visual Studio Solution File, Format Version 12.00
# Visual Studio Version 17
VisualStudioVersion = 17.7.34024.191
MinimumVisualStudioVersion = 10.0.40219.1
Project("{9A19103F-16F7-4668-BE54-9A1E7A4F7556}") = "Generics", "Generics\Generics.csproj", "{765ACB2B-6FC8-46F9-925B-DA42691B32D6}"
EndProject
Project("{9A19103F-16F7-4668-BE54-9A1E7A4F7556}") = "Exercicio_Generics", "Exercicio_Generics\Exercicio_Generics.csproj", "{D15BD0C2-854B-47E6-BAA3-952A89E0AE4F}"
EndProject
Project("{9A19103F-16F7-4668-BE54-9A1E7A4F7556}") = "GetHashCode_Equals", "GetHashCode_Equals\GetHashCode_Equals.csproj", "{CF2939FE-A752-40B5-BBDF-247D8D834041}"
EndProject
Project("{9A19103F-16F7-4668-BE54-9A1E7A4F7556}") = "Exemplo_GetHashCode", "Exemplo_GetHashCode\Exemplo_GetHashCode.csproj", "{9A257C55-07B1-43E9-A132-6B310B58EDCA}"
EndProject
Project("{FAE04EC0-301F-11D3-BF4B-00C04F79EFBC}") = "Dictionary", "Dictionary\Dictionary.csproj", "{8339E6B1-453A-40B6-A89A-A07F2724DC01}"
EndProject
Project("{FAE04EC0-301F-11D3-BF4B-00C04F79EFBC}") = "Exercicio_Dictionary", "Exercicio_Dictionary\Exercicio_Dictionary.csproj", "{59C31097-E861-494D-A867-80CF8BBDC88B}"
EndProject
Project("{FAE04EC0-301F-11D3-BF4B-00C04F79EFBC}") = "SortedDictionary", "SortedDictionary\SortedDictionary.csproj", "{C3D847DE-10DD-455C-9765-D4A574682DDB}"
EndProject
Global
	GlobalSection(SolutionConfigurationPlatforms) = preSolution
		Debug|Any CPU = Debug|Any CPU
		Release|Any CPU = Release|Any CPU
	EndGlobalSection
	GlobalSection(ProjectConfigurationPlatforms) = postSolution
		{765ACB2B-6FC8-46F9-925B-DA42691B32D6}.Debug|Any CPU.ActiveCfg = Debug|Any CPU
		{765ACB2B-6FC8-46F9-925B-DA42691B32D6}.Debug|Any CPU.Build.0 = Debug|Any CPU
		{765ACB2B-6FC8-46F9-925B-DA42691B32D6}.Release|Any CPU.ActiveCfg = Release|Any CPU
		{765ACB2B-6FC8-46F9-925B-DA42691B32D6}.Release|Any CPU.Build.0 = Release|Any CPU
		{D15BD0C2-854B-47E6-BAA3-952A89E0AE4F}.Debug|Any CPU.ActiveCfg = Debug|Any CPU
		{D15BD0C2-854B-47E6-BAA3-952A89E0AE4F}.Debug|Any CPU.Build.0 = Debug|Any CPU
		{D15BD0C2-854B-47E6-BAA3-952A89E0AE4F}.Release|Any CPU.ActiveCfg = Release|Any CPU
		{D15BD0C2-854B-47E6-BAA3-952A89E0AE4F}.Release|Any CPU.Build.0 = Release|Any CPU
		{CF2939FE-A752-40B5-BBDF-247D8D834041}.Debug|Any CPU.ActiveCfg = Debug|Any CPU
		{CF2939FE-A752-40B5-BBDF-247D8D834041}.Debug|Any CPU.Build.0 = Debug|Any CPU
		{CF2939FE-A752-40B5-BBDF-247D8D834041}.Release|Any CPU.ActiveCfg = Release|Any CPU
		{CF2939FE-A752-40B5-BBDF-247D8D834041}.Release|Any CPU.Build.0 = Release|Any CPU
		{9A257C55-07B1-43E9-A132-6B310B58EDCA}.Debug|Any CPU.ActiveCfg = Debug|Any CPU
		{9A257C55-07B1-43E9-A132-6B310B58EDCA}.Debug|Any CPU.Build.0 = Debug|Any CPU
		{9A257C55-07B1-43E9-A132-6B310B58EDCA}.Release|Any CPU.ActiveCfg = Release|Any CPU
		{9A257C55-07B1-43E9-A132-6B310B58EDCA}.Release|Any CPU.Build.0 = Release|Any CPU
		{8339E6B1-453A-40B6-A89A-A07F2724DC01}.Debug|Any CPU.ActiveCfg = Debug|Any CPU
		{8339E6B1-453A-40B6-A89A-A07F2724DC01}.Debug|Any CPU.Build.0 = Debug|Any CPU
		{8339E6B1-453A-40B6-A89A-A07F2724DC01}.Release|Any CPU.ActiveCfg = Release|Any CPU
		{8339E6B1-453A-40B6-A89A-A07F2724DC01}.Release|Any CPU.Build.0 = Release|Any CPU
		{59C31097-E861-494D-A867-80CF8BBDC88B}.Debug|Any CPU.ActiveCfg = Debug|Any CPU
		{59C31097-E861-494D-A867-80CF8BBDC88B}.Debug|Any CPU.Build.0 = Debug|Any CPU
		{59C31097-E861-494D-A867-80CF8BBDC88B}.Release|Any CPU.ActiveCfg = Release|Any CPU
		{59C31097-E861-494D-A867-80CF8BBDC88B}.Release|Any CPU.Build.0 = Release|Any CPU
		{C3D847DE-10DD-455C-9765-D4A574682DDB}.Debug|Any CPU.ActiveCfg = Debug|Any CPU
		{C3D847DE-10DD-455C-9765-D4A574682DDB}.Debug|Any CPU.Build.0 = Debug|Any CPU
		{C3D847DE-10DD-455C-9765-D4A574682DDB}.Release|Any CPU.ActiveCfg = Release|Any CPU
		{C3D847DE-10DD-455C-9765-D4A574682DDB}.Release|Any CPU.Build.0 = Release|Any CPU
	EndGlobalSection
	GlobalSection(SolutionProperties) = preSolution
		HideSolutionNode = FALSE
	EndGlobalSection
	GlobalSection(ExtensibilityGlobals) = postSolution
		SolutionGuid = {0BE1EF9B-7C83-4DD9-B654-C1BB1EB1BB62}
	EndGlobalSection
EndGlobal
